
Microsoft Visual Studio Solution File, Format Version 12.00
# Visual Studio Version 17
VisualStudioVersion = 17.8.34002.499
MinimumVisualStudioVersion = 10.0.40219.1
Project("{FAE04EC0-301F-11D3-BF4B-00C04F79EFBC}") = "BlazorApp57", "BlazorApp57\BlazorApp57.csproj", "{46CE814D-2399-49D7-ABEB-23449A02E911}"
EndProject
Global
	GlobalSection(SolutionConfigurationPlatforms) = preSolution
		Debug|Any CPU = Debug|Any CPU
		Release|Any CPU = Release|Any CPU
	EndGlobalSection
	GlobalSection(ProjectConfigurationPlatforms) = postSolution
		{46CE814D-2399-49D7-ABEB-23449A02E911}.Debug|Any CPU.ActiveCfg = Debug|Any CPU
		{46CE814D-2399-49D7-ABEB-23449A02E911}.Debug|Any CPU.Build.0 = Debug|Any CPU
		{46CE814D-2399-49D7-ABEB-23449A02E911}.Release|Any CPU.ActiveCfg = Release|Any CPU
		{46CE814D-2399-49D7-ABEB-23449A02E911}.Release|Any CPU.Build.0 = Release|Any CPU
	EndGlobalSection
	GlobalSection(SolutionProperties) = preSolution
		HideSolutionNode = FALSE
	EndGlobalSection
	GlobalSection(ExtensibilityGlobals) = postSolution
		SolutionGuid = {22765736-E68A-4787-975A-A417FBF2F965}
	EndGlobalSection
EndGlobal
